
Microsoft Visual Studio Solution File, Format Version 12.00
# Visual Studio 15
VisualStudioVersion = 15.0.28307.489
MinimumVisualStudioVersion = 10.0.40219.1
Project("{FAE04EC0-301F-11D3-BF4B-00C04F79EFBC}") = "Paint", "Paint\Paint.csproj", "{08784DCE-17FD-4610-B86F-B21A52AC49E6}"
EndProject
Global
	GlobalSection(SolutionConfigurationPlatforms) = preSolution
		Debug|Any CPU = Debug|Any CPU
		Release|Any CPU = Release|Any CPU
	EndGlobalSection
	GlobalSection(ProjectConfigurationPlatforms) = postSolution
		{08784DCE-17FD-4610-B86F-B21A52AC49E6}.Debug|Any CPU.ActiveCfg = Debug|Any CPU
		{08784DCE-17FD-4610-B86F-B21A52AC49E6}.Debug|Any CPU.Build.0 = Debug|Any CPU
		{08784DCE-17FD-4610-B86F-B21A52AC49E6}.Release|Any CPU.ActiveCfg = Release|Any CPU
		{08784DCE-17FD-4610-B86F-B21A52AC49E6}.Release|Any CPU.Build.0 = Release|Any CPU
	EndGlobalSection
	GlobalSection(SolutionProperties) = preSolution
		HideSolutionNode = FALSE
	EndGlobalSection
	GlobalSection(ExtensibilityGlobals) = postSolution
		SolutionGuid = {AB4749D1-259F-448F-ABAF-A60FC8B9C195}
	EndGlobalSection
EndGlobal
