
Microsoft Visual Studio Solution File, Format Version 12.00
# Visual Studio 15
VisualStudioVersion = 15.0.28307.136
MinimumVisualStudioVersion = 10.0.40219.1
Project("{FAE04EC0-301F-11D3-BF4B-00C04F79EFBC}") = "03.11.2019", "03.11.2019\03.11.2019.csproj", "{D0DFCB53-A84F-4685-AB8C-13EF1FEF6F3E}"
EndProject
Global
	GlobalSection(SolutionConfigurationPlatforms) = preSolution
		Debug|Any CPU = Debug|Any CPU
		Release|Any CPU = Release|Any CPU
	EndGlobalSection
	GlobalSection(ProjectConfigurationPlatforms) = postSolution
		{D0DFCB53-A84F-4685-AB8C-13EF1FEF6F3E}.Debug|Any CPU.ActiveCfg = Debug|Any CPU
		{D0DFCB53-A84F-4685-AB8C-13EF1FEF6F3E}.Debug|Any CPU.Build.0 = Debug|Any CPU
		{D0DFCB53-A84F-4685-AB8C-13EF1FEF6F3E}.Release|Any CPU.ActiveCfg = Release|Any CPU
		{D0DFCB53-A84F-4685-AB8C-13EF1FEF6F3E}.Release|Any CPU.Build.0 = Release|Any CPU
	EndGlobalSection
	GlobalSection(SolutionProperties) = preSolution
		HideSolutionNode = FALSE
	EndGlobalSection
	GlobalSection(ExtensibilityGlobals) = postSolution
		SolutionGuid = {246120CD-0612-4530-91E7-54F80CA7A3DE}
	EndGlobalSection
EndGlobal
